
Microsoft Visual Studio Solution File, Format Version 12.00
# Visual Studio Version 17
VisualStudioVersion = 17.5.33627.172
MinimumVisualStudioVersion = 10.0.40219.1
Project("{8BC9CEB8-8B4A-11D0-8D11-00A0C91BC942}") = "RPA_nonogram_jt", "RPA_nonogram_jt\RPA_nonogram_jt.vcxproj", "{395340A7-62A8-4C98-ABCD-D405540356C1}"
EndProject
Global
	GlobalSection(SolutionConfigurationPlatforms) = preSolution
		Debug|x64 = Debug|x64
		Debug|x86 = Debug|x86
		Release|x64 = Release|x64
		Release|x86 = Release|x86
	EndGlobalSection
	GlobalSection(ProjectConfigurationPlatforms) = postSolution
		{395340A7-62A8-4C98-ABCD-D405540356C1}.Debug|x64.ActiveCfg = Debug|x64
		{395340A7-62A8-4C98-ABCD-D405540356C1}.Debug|x64.Build.0 = Debug|x64
		{395340A7-62A8-4C98-ABCD-D405540356C1}.Debug|x86.ActiveCfg = Debug|Win32
		{395340A7-62A8-4C98-ABCD-D405540356C1}.Debug|x86.Build.0 = Debug|Win32
		{395340A7-62A8-4C98-ABCD-D405540356C1}.Release|x64.ActiveCfg = Release|x64
		{395340A7-62A8-4C98-ABCD-D405540356C1}.Release|x64.Build.0 = Release|x64
		{395340A7-62A8-4C98-ABCD-D405540356C1}.Release|x86.ActiveCfg = Release|Win32
		{395340A7-62A8-4C98-ABCD-D405540356C1}.Release|x86.Build.0 = Release|Win32
	EndGlobalSection
	GlobalSection(SolutionProperties) = preSolution
		HideSolutionNode = FALSE
	EndGlobalSection
	GlobalSection(ExtensibilityGlobals) = postSolution
		SolutionGuid = {255754C2-5B80-41C7-931B-84C38CFDD7FA}
	EndGlobalSection
EndGlobal
